// !$*UTF8*$!
{
	archiveVersion = 1;
	classes = {
	};
	objectVersion = 55;
	objects = {

/* Begin PBXBuildFile section */
		3590E13F28D8958400DE43D2 /* SnapKit in Frameworks */ = {isa = PBXBuildFile; productRef = 3590E13E28D8958400DE43D2 /* SnapKit */; };
		3590E14428D9105A00DE43D2 /* InputSumField.swift in Sources */ = {isa = PBXBuildFile; fileRef = 3590E14328D9105A00DE43D2 /* InputSumField.swift */; };
		35CE4F8F28E3BEF40057A9BF /* InputTextView.swift in Sources */ = {isa = PBXBuildFile; fileRef = 35CE4F8E28E3BEF40057A9BF /* InputTextView.swift */; };
		38536DAE28BE44C50066056B /* AppDelegate.swift in Sources */ = {isa = PBXBuildFile; fileRef = 38536DAD28BE44C50066056B /* AppDelegate.swift */; };
		38536DB028BE44C50066056B /* SceneDelegate.swift in Sources */ = {isa = PBXBuildFile; fileRef = 38536DAF28BE44C50066056B /* SceneDelegate.swift */; };
		38536DB228BE44C50066056B /* ViewController.swift in Sources */ = {isa = PBXBuildFile; fileRef = 38536DB128BE44C50066056B /* ViewController.swift */; };
		38536DB528BE44C50066056B /* Main.storyboard in Resources */ = {isa = PBXBuildFile; fileRef = 38536DB328BE44C50066056B /* Main.storyboard */; };
		38536DB728BE44C80066056B /* Assets.xcassets in Resources */ = {isa = PBXBuildFile; fileRef = 38536DB628BE44C80066056B /* Assets.xcassets */; };
		38536DBA28BE44C80066056B /* LaunchScreen.storyboard in Resources */ = {isa = PBXBuildFile; fileRef = 38536DB828BE44C80066056B /* LaunchScreen.storyboard */; };
		38536DC228BE44DC0066056B /* TextField.swift in Sources */ = {isa = PBXBuildFile; fileRef = 38536DC128BE44DC0066056B /* TextField.swift */; };
		38727D6228C9D82100BEF034 /* RoundedTextField.swift in Sources */ = {isa = PBXBuildFile; fileRef = 38727D6128C9D82100BEF034 /* RoundedTextField.swift */; };
/* End PBXBuildFile section */

/* Begin PBXFileReference section */
		3590E14328D9105A00DE43D2 /* InputSumField.swift */ = {isa = PBXFileReference; lastKnownFileType = sourcecode.swift; path = InputSumField.swift; sourceTree = "<group>"; };
		35CE4F8E28E3BEF40057A9BF /* InputTextView.swift */ = {isa = PBXFileReference; lastKnownFileType = sourcecode.swift; path = InputTextView.swift; sourceTree = "<group>"; };
		38536DAA28BE44C50066056B /* TestEdit.app */ = {isa = PBXFileReference; explicitFileType = wrapper.application; includeInIndex = 0; path = TestEdit.app; sourceTree = BUILT_PRODUCTS_DIR; };
		38536DAD28BE44C50066056B /* AppDelegate.swift */ = {isa = PBXFileReference; lastKnownFileType = sourcecode.swift; path = AppDelegate.swift; sourceTree = "<group>"; };
		38536DAF28BE44C50066056B /* SceneDelegate.swift */ = {isa = PBXFileReference; lastKnownFileType = sourcecode.swift; path = SceneDelegate.swift; sourceTree = "<group>"; };
		38536DB128BE44C50066056B /* ViewController.swift */ = {isa = PBXFileReference; lastKnownFileType = sourcecode.swift; path = ViewController.swift; sourceTree = "<group>"; };
		38536DB428BE44C50066056B /* Base */ = {isa = PBXFileReference; lastKnownFileType = file.storyboard; name = Base; path = Base.lproj/Main.storyboard; sourceTree = "<group>"; };
		38536DB628BE44C80066056B /* Assets.xcassets */ = {isa = PBXFileReference; lastKnownFileType = folder.assetcatalog; path = Assets.xcassets; sourceTree = "<group>"; };
		38536DB928BE44C80066056B /* Base */ = {isa = PBXFileReference; lastKnownFileType = file.storyboard; name = Base; path = Base.lproj/LaunchScreen.storyboard; sourceTree = "<group>"; };
		38536DBB28BE44C80066056B /* Info.plist */ = {isa = PBXFileReference; lastKnownFileType = text.plist.xml; path = Info.plist; sourceTree = "<group>"; };
		38536DC128BE44DC0066056B /* TextField.swift */ = {isa = PBXFileReference; lastKnownFileType = sourcecode.swift; path = TextField.swift; sourceTree = "<group>"; };
		38727D6128C9D82100BEF034 /* RoundedTextField.swift */ = {isa = PBXFileReference; lastKnownFileType = sourcecode.swift; path = RoundedTextField.swift; sourceTree = "<group>"; };
/* End PBXFileReference section */

/* Begin PBXFrameworksBuildPhase section */
		38536DA728BE44C50066056B /* Frameworks */ = {
			isa = PBXFrameworksBuildPhase;
			buildActionMask = 2147483647;
			files = (
				3590E13F28D8958400DE43D2 /* SnapKit in Frameworks */,
			);
			runOnlyForDeploymentPostprocessing = 0;
		};
/* End PBXFrameworksBuildPhase section */

/* Begin PBXGroup section */
		38536DA128BE44C50066056B = {
			isa = PBXGroup;
			children = (
				38536DAC28BE44C50066056B /* TestEdit */,
				38536DAB28BE44C50066056B /* Products */,
			);
			sourceTree = "<group>";
		};
		38536DAB28BE44C50066056B /* Products */ = {
			isa = PBXGroup;
			children = (
				38536DAA28BE44C50066056B /* TestEdit.app */,
			);
			name = Products;
			sourceTree = "<group>";
		};
		38536DAC28BE44C50066056B /* TestEdit */ = {
			isa = PBXGroup;
			children = (
				38536DAD28BE44C50066056B /* AppDelegate.swift */,
				38536DAF28BE44C50066056B /* SceneDelegate.swift */,
				38536DB128BE44C50066056B /* ViewController.swift */,
				3590E14328D9105A00DE43D2 /* InputSumField.swift */,
				35CE4F8E28E3BEF40057A9BF /* InputTextView.swift */,
				38536DC128BE44DC0066056B /* TextField.swift */,
				38727D6128C9D82100BEF034 /* RoundedTextField.swift */,
				38536DB328BE44C50066056B /* Main.storyboard */,
				38536DB628BE44C80066056B /* Assets.xcassets */,
				38536DB828BE44C80066056B /* LaunchScreen.storyboard */,
				38536DBB28BE44C80066056B /* Info.plist */,
			);
			path = TestEdit;
			sourceTree = "<group>";
		};
/* End PBXGroup section */

/* Begin PBXNativeTarget section */
		38536DA928BE44C50066056B /* TestEdit */ = {
			isa = PBXNativeTarget;
			buildConfigurationList = 38536DBE28BE44C80066056B /* Build configuration list for PBXNativeTarget "TestEdit" */;
			buildPhases = (
				38536DA628BE44C50066056B /* Sources */,
				38536DA728BE44C50066056B /* Frameworks */,
				38536DA828BE44C50066056B /* Resources */,
			);
			buildRules = (
			);
			dependencies = (
			);
			name = TestEdit;
			packageProductDependencies = (
				3590E13E28D8958400DE43D2 /* SnapKit */,
			);
			productName = TestEdit;
			productReference = 38536DAA28BE44C50066056B /* TestEdit.app */;
			productType = "com.apple.product-type.application";
		};
/* End PBXNativeTarget section */

/* Begin PBXProject section */
		38536DA228BE44C50066056B /* Project object */ = {
			isa = PBXProject;
			attributes = {
				BuildIndependentTargetsInParallel = 1;
				LastSwiftUpdateCheck = 1340;
				LastUpgradeCheck = 1340;
				TargetAttributes = {
					38536DA928BE44C50066056B = {
						CreatedOnToolsVersion = 13.4.1;
					};
				};
			};
			buildConfigurationList = 38536DA528BE44C50066056B /* Build configuration list for PBXProject "TestEdit" */;
			compatibilityVersion = "Xcode 13.0";
			developmentRegion = en;
			hasScannedForEncodings = 0;
			knownRegions = (
				en,
				Base,
			);
			mainGroup = 38536DA128BE44C50066056B;
			packageReferences = (
				3590E13D28D8958400DE43D2 /* XCRemoteSwiftPackageReference "SnapKit" */,
			);
			productRefGroup = 38536DAB28BE44C50066056B /* Products */;
			projectDirPath = "";
			projectRoot = "";
			targets = (
				38536DA928BE44C50066056B /* TestEdit */,
			);
		};
/* End PBXProject section */

/* Begin PBXResourcesBuildPhase section */
		38536DA828BE44C50066056B /* Resources */ = {
			isa = PBXResourcesBuildPhase;
			buildActionMask = 2147483647;
			files = (
				38536DBA28BE44C80066056B /* LaunchScreen.storyboard in Resources */,
				38536DB728BE44C80066056B /* Assets.xcassets in Resources */,
				38536DB528BE44C50066056B /* Main.storyboard in Resources */,
			);
			runOnlyForDeploymentPostprocessing = 0;
		};
/* End PBXResourcesBuildPhase section */

/* Begin PBXSourcesBuildPhase section */
		38536DA628BE44C50066056B /* Sources */ = {
			isa = PBXSourcesBuildPhase;
			buildActionMask = 2147483647;
			files = (
				35CE4F8F28E3BEF40057A9BF /* InputTextView.swift in Sources */,
				38536DB228BE44C50066056B /* ViewController.swift in Sources */,
				38727D6228C9D82100BEF034 /* RoundedTextField.swift in Sources */,
				38536DAE28BE44C50066056B /* AppDelegate.swift in Sources */,
				38536DB028BE44C50066056B /* SceneDelegate.swift in Sources */,
				38536DC228BE44DC0066056B /* TextField.swift in Sources */,
				3590E14428D9105A00DE43D2 /* InputSumField.swift in Sources */,
			);
			runOnlyForDeploymentPostprocessing = 0;
		};
/* End PBXSourcesBuildPhase section */

/* Begin PBXVariantGroup section */
		38536DB328BE44C50066056B /* Main.storyboard */ = {
			isa = PBXVariantGroup;
			children = (
				38536DB428BE44C50066056B /* Base */,
			);
			name = Main.storyboard;
			sourceTree = "<group>";
		};
		38536DB828BE44C80066056B /* LaunchScreen.storyboard */ = {
			isa = PBXVariantGroup;
			children = (
				38536DB928BE44C80066056B /* Base */,
			);
			name = LaunchScreen.storyboard;
			sourceTree = "<group>";
		};
/* End PBXVariantGroup section */

/* Begin XCBuildConfiguration section */
		38536DBC28BE44C80066056B /* Debug */ = {
			isa = XCBuildConfiguration;
			buildSettings = {
				ALWAYS_SEARCH_USER_PATHS = NO;
				CLANG_ANALYZER_NONNULL = YES;
				CLANG_ANALYZER_NUMBER_OBJECT_CONVERSION = YES_AGGRESSIVE;
				CLANG_CXX_LANGUAGE_STANDARD = "gnu++17";
				CLANG_ENABLE_MODULES = YES;
				CLANG_ENABLE_OBJC_ARC = YES;
				CLANG_ENABLE_OBJC_WEAK = YES;
				CLANG_WARN_BLOCK_CAPTURE_AUTORELEASING = YES;
				CLANG_WARN_BOOL_CONVERSION = YES;
				CLANG_WARN_COMMA = YES;
				CLANG_WARN_CONSTANT_CONVERSION = YES;
				CLANG_WARN_DEPRECATED_OBJC_IMPLEMENTATIONS = YES;
				CLANG_WARN_DIRECT_OBJC_ISA_USAGE = YES_ERROR;
				CLANG_WARN_DOCUMENTATION_COMMENTS = YES;
				CLANG_WARN_EMPTY_BODY = YES;
				CLANG_WARN_ENUM_CONVERSION = YES;
				CLANG_WARN_INFINITE_RECURSION = YES;
				CLANG_WARN_INT_CONVERSION = YES;
				CLANG_WARN_NON_LITERAL_NULL_CONVERSION = YES;
				CLANG_WARN_OBJC_IMPLICIT_RETAIN_SELF = YES;
				CLANG_WARN_OBJC_LITERAL_CONVERSION = YES;
				CLANG_WARN_OBJC_ROOT_CLASS = YES_ERROR;
				CLANG_WARN_QUOTED_INCLUDE_IN_FRAMEWORK_HEADER = YES;
				CLANG_WARN_RANGE_LOOP_ANALYSIS = YES;
				CLANG_WARN_STRICT_PROTOTYPES = YES;
				CLANG_WARN_SUSPICIOUS_MOVE = YES;
				CLANG_WARN_UNGUARDED_AVAILABILITY = YES_AGGRESSIVE;
				CLANG_WARN_UNREACHABLE_CODE = YES;
				CLANG_WARN__DUPLICATE_METHOD_MATCH = YES;
				COPY_PHASE_STRIP = NO;
				DEBUG_INFORMATION_FORMAT = dwarf;
				ENABLE_STRICT_OBJC_MSGSEND = YES;
				ENABLE_TESTABILITY = YES;
				GCC_C_LANGUAGE_STANDARD = gnu11;
				GCC_DYNAMIC_NO_PIC = NO;
				GCC_NO_COMMON_BLOCKS = YES;
				GCC_OPTIMIZATION_LEVEL = 0;
				GCC_PREPROCESSOR_DEFINITIONS = (
					"DEBUG=1",
					"$(inherited)",
				);
				GCC_WARN_64_TO_32_BIT_CONVERSION = YES;
				GCC_WARN_ABOUT_RETURN_TYPE = YES_ERROR;
				GCC_WARN_UNDECLARED_SELECTOR = YES;
				GCC_WARN_UNINITIALIZED_AUTOS = YES_AGGRESSIVE;
				GCC_WARN_UNUSED_FUNCTION = YES;
				GCC_WARN_UNUSED_VARIABLE = YES;
				IPHONEOS_DEPLOYMENT_TARGET = 15.5;
				MTL_ENABLE_DEBUG_INFO = INCLUDE_SOURCE;
				MTL_FAST_MATH = YES;
				ONLY_ACTIVE_ARCH = YES;
				SDKROOT = iphoneos;
				SWIFT_ACTIVE_COMPILATION_CONDITIONS = DEBUG;
				SWIFT_OPTIMIZATION_LEVEL = "-Onone";
			};
			name = Debug;
		};
		38536DBD28BE44C80066056B /* Release */ = {
			isa = XCBuildConfiguration;
			buildSettings = {
				ALWAYS_SEARCH_USER_PATHS = NO;
				CLANG_ANALYZER_NONNULL = YES;
				CLANG_ANALYZER_NUMBER_OBJECT_CONVERSION = YES_AGGRESSIVE;
				CLANG_CXX_LANGUAGE_STANDARD = "gnu++17";
				CLANG_ENABLE_MODULES = YES;
				CLANG_ENABLE_OBJC_ARC = YES;
				CLANG_ENABLE_OBJC_WEAK = YES;
				CLANG_WARN_BLOCK_CAPTURE_AUTORELEASING = YES;
				CLANG_WARN_BOOL_CONVERSION = YES;
				CLANG_WARN_COMMA = YES;
				CLANG_WARN_CONSTANT_CONVERSION = YES;
				CLANG_WARN_DEPRECATED_OBJC_IMPLEMENTATIONS = YES;
				CLANG_WARN_DIRECT_OBJC_ISA_USAGE = YES_ERROR;
				CLANG_WARN_DOCUMENTATION_COMMENTS = YES;
				CLANG_WARN_EMPTY_BODY = YES;
				CLANG_WARN_ENUM_CONVERSION = YES;
				CLANG_WARN_INFINITE_RECURSION = YES;
				CLANG_WARN_INT_CONVERSION = YES;
				CLANG_WARN_NON_LITERAL_NULL_CONVERSION = YES;
				CLANG_WARN_OBJC_IMPLICIT_RETAIN_SELF = YES;
				CLANG_WARN_OBJC_LITERAL_CONVERSION = YES;
				CLANG_WARN_OBJC_ROOT_CLASS = YES_ERROR;
				CLANG_WARN_QUOTED_INCLUDE_IN_FRAMEWORK_HEADER = YES;
				CLANG_WARN_RANGE_LOOP_ANALYSIS = YES;
				CLANG_WARN_STRICT_PROTOTYPES = YES;
				CLANG_WARN_SUSPICIOUS_MOVE = YES;
				CLANG_WARN_UNGUARDED_AVAILABILITY = YES_AGGRESSIVE;
				CLANG_WARN_UNREACHABLE_CODE = YES;
				CLANG_WARN__DUPLICATE_METHOD_MATCH = YES;
				COPY_PHASE_STRIP = NO;
				DEBUG_INFORMATION_FORMAT = "dwarf-with-dsym";
				ENABLE_NS_ASSERTIONS = NO;
				ENABLE_STRICT_OBJC_MSGSEND = YES;
				GCC_C_LANGUAGE_STANDARD = gnu11;
				GCC_NO_COMMON_BLOCKS = YES;
				GCC_WARN_64_TO_32_BIT_CONVERSION = YES;
				GCC_WARN_ABOUT_RETURN_TYPE = YES_ERROR;
				GCC_WARN_UNDECLARED_SELECTOR = YES;
				GCC_WARN_UNINITIALIZED_AUTOS = YES_AGGRESSIVE;
				GCC_WARN_UNUSED_FUNCTION = YES;
				GCC_WARN_UNUSED_VARIABLE = YES;
				IPHONEOS_DEPLOYMENT_TARGET = 15.5;
				MTL_ENABLE_DEBUG_INFO = NO;
				MTL_FAST_MATH = YES;
				SDKROOT = iphoneos;
				SWIFT_COMPILATION_MODE = wholemodule;
				SWIFT_OPTIMIZATION_LEVEL = "-O";
				VALIDATE_PRODUCT = YES;
			};
			name = Release;
		};
		38536DBF28BE44C80066056B /* Debug */ = {
			isa = XCBuildConfiguration;
			buildSettings = {
				ASSETCATALOG_COMPILER_APPICON_NAME = AppIcon;
				ASSETCATALOG_COMPILER_GLOBAL_ACCENT_COLOR_NAME = AccentColor;
				CODE_SIGN_STYLE = Automatic;
				CURRENT_PROJECT_VERSION = 1;
				DEVELOPMENT_TEAM = 4TKGWAKLN6;
				GENERATE_INFOPLIST_FILE = YES;
				INFOPLIST_FILE = TestEdit/Info.plist;
				INFOPLIST_KEY_UIApplicationSupportsIndirectInputEvents = YES;
				INFOPLIST_KEY_UILaunchStoryboardName = LaunchScreen;
				INFOPLIST_KEY_UIMainStoryboardFile = Main;
				INFOPLIST_KEY_UISupportedInterfaceOrientations_iPad = "UIInterfaceOrientationPortrait UIInterfaceOrientationPortraitUpsideDown UIInterfaceOrientationLandscapeLeft UIInterfaceOrientationLandscapeRight";
				INFOPLIST_KEY_UISupportedInterfaceOrientations_iPhone = "UIInterfaceOrientationPortrait UIInterfaceOrientationLandscapeLeft UIInterfaceOrientationLandscapeRight";
				LD_RUNPATH_SEARCH_PATHS = (
					"$(inherited)",
					"@executable_path/Frameworks",
				);
				MARKETING_VERSION = 1.0;
				PRODUCT_BUNDLE_IDENTIFIER = sohlaiev.TestEdit;
				PRODUCT_NAME = "$(TARGET_NAME)";
				SWIFT_EMIT_LOC_STRINGS = YES;
				SWIFT_VERSION = 5.0;
				TARGETED_DEVICE_FAMILY = "1,2";
			};
			name = Debug;
		};
		38536DC028BE44C80066056B /* Release */ = {
			isa = XCBuildConfiguration;
			buildSettings = {
				ASSETCATALOG_COMPILER_APPICON_NAME = AppIcon;
				ASSETCATALOG_COMPILER_GLOBAL_ACCENT_COLOR_NAME = AccentColor;
				CODE_SIGN_STYLE = Automatic;
				CURRENT_PROJECT_VERSION = 1;
				DEVELOPMENT_TEAM = 4TKGWAKLN6;
				GENERATE_INFOPLIST_FILE = YES;
				INFOPLIST_FILE = TestEdit/Info.plist;
				INFOPLIST_KEY_UIApplicationSupportsIndirectInputEvents = YES;
				INFOPLIST_KEY_UILaunchStoryboardName = LaunchScreen;
				INFOPLIST_KEY_UIMainStoryboardFile = Main;
				INFOPLIST_KEY_UISupportedInterfaceOrientations_iPad = "UIInterfaceOrientationPortrait UIInterfaceOrientationPortraitUpsideDown UIInterfaceOrientationLandscapeLeft UIInterfaceOrientationLandscapeRight";
				INFOPLIST_KEY_UISupportedInterfaceOrientations_iPhone = "UIInterfaceOrientationPortrait UIInterfaceOrientationLandscapeLeft UIInterfaceOrientationLandscapeRight";
				LD_RUNPATH_SEARCH_PATHS = (
					"$(inherited)",
					"@executable_path/Frameworks",
				);
				MARKETING_VERSION = 1.0;
				PRODUCT_BUNDLE_IDENTIFIER = sohlaiev.TestEdit;
				PRODUCT_NAME = "$(TARGET_NAME)";
				SWIFT_EMIT_LOC_STRINGS = YES;
				SWIFT_VERSION = 5.0;
				TARGETED_DEVICE_FAMILY = "1,2";
			};
			name = Release;
		};
/* End XCBuildConfiguration section */

/* Begin XCConfigurationList section */
		38536DA528BE44C50066056B /* Build configuration list for PBXProject "TestEdit" */ = {
			isa = XCConfigurationList;
			buildConfigurations = (
				38536DBC28BE44C80066056B /* Debug */,
				38536DBD28BE44C80066056B /* Release */,
			);
			defaultConfigurationIsVisible = 0;
			defaultConfigurationName = Release;
		};
		38536DBE28BE44C80066056B /* Build configuration list for PBXNativeTarget "TestEdit" */ = {
			isa = XCConfigurationList;
			buildConfigurations = (
				38536DBF28BE44C80066056B /* Debug */,
				38536DC028BE44C80066056B /* Release */,
			);
			defaultConfigurationIsVisible = 0;
			defaultConfigurationName = Release;
		};
/* End XCConfigurationList section */

/* Begin XCRemoteSwiftPackageReference section */
		3590E13D28D8958400DE43D2 /* XCRemoteSwiftPackageReference "SnapKit" */ = {
			isa = XCRemoteSwiftPackageReference;
			repositoryURL = "https://github.com/SnapKit/SnapKit";
			requirement = {
				branch = develop;
				kind = branch;
			};
		};
/* End XCRemoteSwiftPackageReference section */

/* Begin XCSwiftPackageProductDependency section */
		3590E13E28D8958400DE43D2 /* SnapKit */ = {
			isa = XCSwiftPackageProductDependency;
			package = 3590E13D28D8958400DE43D2 /* XCRemoteSwiftPackageReference "SnapKit" */;
			productName = SnapKit;
		};
/* End XCSwiftPackageProductDependency section */
	};
	rootObject = 38536DA228BE44C50066056B /* Project object */;
}
